
Microsoft Visual Studio Solution File, Format Version 12.00
# Visual Studio Version 17
VisualStudioVersion = 17.11.35219.272
MinimumVisualStudioVersion = 10.0.40219.1
Project("{9A19103F-16F7-4668-BE54-9A1E7A4F7556}") = "TrilhaApiDesafio", "TrilhaApiDesafio.csproj", "{460E849E-F0F7-42B4-929E-815EB3C2A314}"
EndProject
Global
	GlobalSection(SolutionConfigurationPlatforms) = preSolution
		Debug|Any CPU = Debug|Any CPU
		Release|Any CPU = Release|Any CPU
	EndGlobalSection
	GlobalSection(ProjectConfigurationPlatforms) = postSolution
		{460E849E-F0F7-42B4-929E-815EB3C2A314}.Debug|Any CPU.ActiveCfg = Debug|Any CPU
		{460E849E-F0F7-42B4-929E-815EB3C2A314}.Debug|Any CPU.Build.0 = Debug|Any CPU
		{460E849E-F0F7-42B4-929E-815EB3C2A314}.Release|Any CPU.ActiveCfg = Release|Any CPU
		{460E849E-F0F7-42B4-929E-815EB3C2A314}.Release|Any CPU.Build.0 = Release|Any CPU
	EndGlobalSection
	GlobalSection(SolutionProperties) = preSolution
		HideSolutionNode = FALSE
	EndGlobalSection
	GlobalSection(ExtensibilityGlobals) = postSolution
		SolutionGuid = {4AACBD92-4E1A-4710-A022-337781AE65BC}
	EndGlobalSection
EndGlobal
